
Microsoft Visual Studio Solution File, Format Version 12.00
# Visual Studio Version 17
VisualStudioVersion = 17.4.33213.308
MinimumVisualStudioVersion = 10.0.40219.1
Project("{FAE04EC0-301F-11D3-BF4B-00C04F79EFBC}") = "DataGen", "DataGen.csproj", "{34B99AC4-2A93-424D-9CA8-7275E68C2444}"
EndProject
Global
	GlobalSection(SolutionConfigurationPlatforms) = preSolution
		Debug|Any CPU = Debug|Any CPU
		Release|Any CPU = Release|Any CPU
	EndGlobalSection
	GlobalSection(ProjectConfigurationPlatforms) = postSolution
		{34B99AC4-2A93-424D-9CA8-7275E68C2444}.Debug|Any CPU.ActiveCfg = Debug|Any CPU
		{34B99AC4-2A93-424D-9CA8-7275E68C2444}.Debug|Any CPU.Build.0 = Debug|Any CPU
		{34B99AC4-2A93-424D-9CA8-7275E68C2444}.Release|Any CPU.ActiveCfg = Release|Any CPU
		{34B99AC4-2A93-424D-9CA8-7275E68C2444}.Release|Any CPU.Build.0 = Release|Any CPU
	EndGlobalSection
	GlobalSection(SolutionProperties) = preSolution
		HideSolutionNode = FALSE
	EndGlobalSection
	GlobalSection(ExtensibilityGlobals) = postSolution
		SolutionGuid = {A6098443-B219-4B75-9BD4-33044B1C47EC}
	EndGlobalSection
EndGlobal
